
Microsoft Visual Studio Solution File, Format Version 12.00
# Visual Studio Version 17
VisualStudioVersion = 17.1.32421.90
MinimumVisualStudioVersion = 10.0.40219.1
Project("{FAE04EC0-301F-11D3-BF4B-00C04F79EFBC}") = "ProjektNET", "ProjektNET.csproj", "{C7632FC3-6F95-4351-A189-059AD3C32079}"
EndProject
Global
	GlobalSection(SolutionConfigurationPlatforms) = preSolution
		Debug|Any CPU = Debug|Any CPU
		Release|Any CPU = Release|Any CPU
	EndGlobalSection
	GlobalSection(ProjectConfigurationPlatforms) = postSolution
		{C7632FC3-6F95-4351-A189-059AD3C32079}.Debug|Any CPU.ActiveCfg = Debug|Any CPU
		{C7632FC3-6F95-4351-A189-059AD3C32079}.Debug|Any CPU.Build.0 = Debug|Any CPU
		{C7632FC3-6F95-4351-A189-059AD3C32079}.Release|Any CPU.ActiveCfg = Release|Any CPU
		{C7632FC3-6F95-4351-A189-059AD3C32079}.Release|Any CPU.Build.0 = Release|Any CPU
	EndGlobalSection
	GlobalSection(SolutionProperties) = preSolution
		HideSolutionNode = FALSE
	EndGlobalSection
	GlobalSection(ExtensibilityGlobals) = postSolution
		SolutionGuid = {3A5072A3-7BC6-4DF9-A8F9-B6A29DF1D6C3}
	EndGlobalSection
EndGlobal
